
Microsoft Visual Studio Solution File, Format Version 12.00
# Visual Studio Version 17
VisualStudioVersion = 17.11.35219.272
MinimumVisualStudioVersion = 10.0.40219.1
Project("{9A19103F-16F7-4668-BE54-9A1E7A4F7556}") = "API", "API\API.csproj", "{B83B7CF2-E33D-4FC7-96AF-32A2FE27F6DB}"
EndProject
Project("{9A19103F-16F7-4668-BE54-9A1E7A4F7556}") = "Models", "Models\Models.csproj", "{1085799D-F6CB-4A74-991F-11F14145ADDE}"
EndProject
Project("{9A19103F-16F7-4668-BE54-9A1E7A4F7556}") = "Services", "Services\Services.csproj", "{E8586974-598C-4A11-96C0-FDD090C812EB}"
EndProject
Project("{9A19103F-16F7-4668-BE54-9A1E7A4F7556}") = "DTOs", "DTOs\DTOs.csproj", "{CAA8A05B-151D-4B5C-8910-6C68622D81D1}"
EndProject
Project("{9A19103F-16F7-4668-BE54-9A1E7A4F7556}") = "Validators", "Validators\Validators.csproj", "{8EEB869C-ED1E-4086-9354-2E311AF30DF2}"
EndProject
Project("{9A19103F-16F7-4668-BE54-9A1E7A4F7556}") = "Automappers", "Automappers\Automappers.csproj", "{C10095E2-8E53-4B29-8410-10FFFF205D96}"
EndProject
Project("{9A19103F-16F7-4668-BE54-9A1E7A4F7556}") = "Repository", "Repository\Repository.csproj", "{BE60FBB3-767D-406A-80E4-7808BB06BF75}"
EndProject
Global
	GlobalSection(SolutionConfigurationPlatforms) = preSolution
		Debug|Any CPU = Debug|Any CPU
		Release|Any CPU = Release|Any CPU
	EndGlobalSection
	GlobalSection(ProjectConfigurationPlatforms) = postSolution
		{B83B7CF2-E33D-4FC7-96AF-32A2FE27F6DB}.Debug|Any CPU.ActiveCfg = Debug|Any CPU
		{B83B7CF2-E33D-4FC7-96AF-32A2FE27F6DB}.Debug|Any CPU.Build.0 = Debug|Any CPU
		{B83B7CF2-E33D-4FC7-96AF-32A2FE27F6DB}.Release|Any CPU.ActiveCfg = Release|Any CPU
		{B83B7CF2-E33D-4FC7-96AF-32A2FE27F6DB}.Release|Any CPU.Build.0 = Release|Any CPU
		{1085799D-F6CB-4A74-991F-11F14145ADDE}.Debug|Any CPU.ActiveCfg = Debug|Any CPU
		{1085799D-F6CB-4A74-991F-11F14145ADDE}.Debug|Any CPU.Build.0 = Debug|Any CPU
		{1085799D-F6CB-4A74-991F-11F14145ADDE}.Release|Any CPU.ActiveCfg = Release|Any CPU
		{1085799D-F6CB-4A74-991F-11F14145ADDE}.Release|Any CPU.Build.0 = Release|Any CPU
		{E8586974-598C-4A11-96C0-FDD090C812EB}.Debug|Any CPU.ActiveCfg = Debug|Any CPU
		{E8586974-598C-4A11-96C0-FDD090C812EB}.Debug|Any CPU.Build.0 = Debug|Any CPU
		{E8586974-598C-4A11-96C0-FDD090C812EB}.Release|Any CPU.ActiveCfg = Release|Any CPU
		{E8586974-598C-4A11-96C0-FDD090C812EB}.Release|Any CPU.Build.0 = Release|Any CPU
		{CAA8A05B-151D-4B5C-8910-6C68622D81D1}.Debug|Any CPU.ActiveCfg = Debug|Any CPU
		{CAA8A05B-151D-4B5C-8910-6C68622D81D1}.Debug|Any CPU.Build.0 = Debug|Any CPU
		{CAA8A05B-151D-4B5C-8910-6C68622D81D1}.Release|Any CPU.ActiveCfg = Release|Any CPU
		{CAA8A05B-151D-4B5C-8910-6C68622D81D1}.Release|Any CPU.Build.0 = Release|Any CPU
		{8EEB869C-ED1E-4086-9354-2E311AF30DF2}.Debug|Any CPU.ActiveCfg = Debug|Any CPU
		{8EEB869C-ED1E-4086-9354-2E311AF30DF2}.Debug|Any CPU.Build.0 = Debug|Any CPU
		{8EEB869C-ED1E-4086-9354-2E311AF30DF2}.Release|Any CPU.ActiveCfg = Release|Any CPU
		{8EEB869C-ED1E-4086-9354-2E311AF30DF2}.Release|Any CPU.Build.0 = Release|Any CPU
		{C10095E2-8E53-4B29-8410-10FFFF205D96}.Debug|Any CPU.ActiveCfg = Debug|Any CPU
		{C10095E2-8E53-4B29-8410-10FFFF205D96}.Debug|Any CPU.Build.0 = Debug|Any CPU
		{C10095E2-8E53-4B29-8410-10FFFF205D96}.Release|Any CPU.ActiveCfg = Release|Any CPU
		{C10095E2-8E53-4B29-8410-10FFFF205D96}.Release|Any CPU.Build.0 = Release|Any CPU
		{BE60FBB3-767D-406A-80E4-7808BB06BF75}.Debug|Any CPU.ActiveCfg = Debug|Any CPU
		{BE60FBB3-767D-406A-80E4-7808BB06BF75}.Debug|Any CPU.Build.0 = Debug|Any CPU
		{BE60FBB3-767D-406A-80E4-7808BB06BF75}.Release|Any CPU.ActiveCfg = Release|Any CPU
		{BE60FBB3-767D-406A-80E4-7808BB06BF75}.Release|Any CPU.Build.0 = Release|Any CPU
	EndGlobalSection
	GlobalSection(SolutionProperties) = preSolution
		HideSolutionNode = FALSE
	EndGlobalSection
	GlobalSection(ExtensibilityGlobals) = postSolution
		SolutionGuid = {0AB0B7F8-6137-4F2C-992B-EEB719715F74}
	EndGlobalSection
EndGlobal
